
Microsoft Visual Studio Solution File, Format Version 12.00
# Visual Studio Version 17
VisualStudioVersion = 17.4.33122.133
MinimumVisualStudioVersion = 10.0.40219.1
Project("{FAE04EC0-301F-11D3-BF4B-00C04F79EFBC}") = "project_1", "project_1\project_1.csproj", "{1166E5C4-FC07-456F-ACFB-7AE029C4CD65}"
EndProject
Global
	GlobalSection(SolutionConfigurationPlatforms) = preSolution
		Debug|Any CPU = Debug|Any CPU
		Release|Any CPU = Release|Any CPU
	EndGlobalSection
	GlobalSection(ProjectConfigurationPlatforms) = postSolution
		{1166E5C4-FC07-456F-ACFB-7AE029C4CD65}.Debug|Any CPU.ActiveCfg = Debug|Any CPU
		{1166E5C4-FC07-456F-ACFB-7AE029C4CD65}.Debug|Any CPU.Build.0 = Debug|Any CPU
		{1166E5C4-FC07-456F-ACFB-7AE029C4CD65}.Release|Any CPU.ActiveCfg = Release|Any CPU
		{1166E5C4-FC07-456F-ACFB-7AE029C4CD65}.Release|Any CPU.Build.0 = Release|Any CPU
	EndGlobalSection
	GlobalSection(SolutionProperties) = preSolution
		HideSolutionNode = FALSE
	EndGlobalSection
	GlobalSection(ExtensibilityGlobals) = postSolution
		SolutionGuid = {7396F42B-A8B0-47F0-88C7-8BFC486AC20D}
	EndGlobalSection
EndGlobal
